{
    "_readme": [
        "This file locks the dependencies of your project to a known state",
        "Read more about it at https://getcomposer.org/doc/01-basic-usage.md#composer-lock-the-lock-file",
        "This file is @generated automatically"
    ],
    "content-hash": "5f66ce72f68d0766b6be6d8e4ceb105b",
    "packages": [
        {
            "name": "mzur/kirby-flash",
            "version": "v1.0.0",
            "source": {
                "type": "git",
                "url": "https://github.com/mzur/kirby-flash.git",
                "reference": "da22ff1f85c5e24156e252c271d95e6d472de971"
            },
            "dist": {
                "type": "zip",
                "url": "https://api.github.com/repos/mzur/kirby-flash/zipball/da22ff1f85c5e24156e252c271d95e6d472de971",
                "reference": "da22ff1f85c5e24156e252c271d95e6d472de971",
                "shasum": ""
            },
            "require-dev": {
                "getkirby/toolkit": "dev-master"
            },
            "type": "library",
            "autoload": {
                "psr-4": {
                    "Jevets\\Kirby\\": "src/"
                },
                "files": [
                    "src/helpers.php"
                ]
            },
            "notification-url": "https://packagist.org/downloads/",
            "license": [
                "MIT"
            ],
            "authors": [
                {
                    "name": "Steve Jamesson",
                    "email": "steve@evendev.com"
                },
                {
                    "name": "Martin Zurowietz",
                    "email": "martin@the-inspired-ones.de"
                }
            ],
            "description": "Stores data in the session for the next request. Data is removed after the next page load.",
            "keywords": [
                "flash",
                "kirby",
                "session"
            ],
            "time": "2017-02-05T13:44:38+00:00"
        },
        {
            "name": "mzur/kirby-form",
            "version": "v1.3.5",
            "source": {
                "type": "git",
                "url": "https://github.com/mzur/kirby-form.git",
                "reference": "860b21c792073d353d1ac554159037767333e1db"
            },
            "dist": {
                "type": "zip",
                "url": "https://api.github.com/repos/mzur/kirby-form/zipball/860b21c792073d353d1ac554159037767333e1db",
                "reference": "860b21c792073d353d1ac554159037767333e1db",
                "shasum": ""
            },
            "require": {
                "mzur/kirby-flash": "^1.0"
            },
            "require-dev": {
                "getkirby/toolkit": "dev-master",
                "phpunit/phpunit": "^4.6 || ^5.0"
            },
            "type": "library",
            "autoload": {
                "psr-4": {
                    "Jevets\\Kirby\\": "src/"
                },
                "files": [
                    "src/helpers.php"
                ]
            },
            "notification-url": "https://packagist.org/downloads/",
            "license": [
                "MIT"
            ],
            "authors": [
                {
                    "name": "Steve Jamesson",
                    "email": "steve@evendev.com"
                },
                {
                    "name": "Martin Zurowietz",
                    "email": "martin@the-inspired-ones.de"
                }
            ],
            "description": "A form helper for Kirby-based websites, using the Post/Redirect/Get pattern.",
            "keywords": [
                "form",
                "kirby"
            ],
            "time": "2017-11-08T17:04:59+00:00"
        },
        {
            "name": "mzur/kirby-uniform",
            "version": "v3.4.0",
            "source": {
                "type": "git",
                "url": "https://github.com/mzur/kirby-uniform.git",
                "reference": "cf9af74f690bd58c307d6a8860a7b4c6767637bb"
            },
            "dist": {
                "type": "zip",
                "url": "https://api.github.com/repos/mzur/kirby-uniform/zipball/cf9af74f690bd58c307d6a8860a7b4c6767637bb",
                "reference": "cf9af74f690bd58c307d6a8860a7b4c6767637bb",
                "shasum": ""
            },
            "require": {
                "mzur/kirby-form": "^1.0",
                "php": ">=5.5.0"
            },
            "require-dev": {
                "getkirby/toolkit": "dev-master",
                "phpunit/phpunit": "^4.6 || ^5.0"
            },
            "type": "library",
            "autoload": {
                "psr-4": {
                    "Uniform\\": "src/"
                },
                "files": [
                    "src/helpers.php",
                    "index.php"
                ]
            },
            "notification-url": "https://packagist.org/downloads/",
            "license": [
                "GPL-2.0"
            ],
            "authors": [
                {
                    "name": "Martin Zurowietz",
                    "email": "martin@the-inspired-ones.de"
                }
            ],
            "description": "A versatile Kirby 2 plugin to handle web form actions.",
            "keywords": [
                "form",
                "kirby"
            ],
            "time": "2018-01-11T16:13:51+00:00"
        }
    ],
    "packages-dev": [],
    "aliases": [],
    "minimum-stability": "stable",
    "stability-flags": [],
    "prefer-stable": false,
    "prefer-lowest": false,
    "platform": [],
    "platform-dev": []
}
